{
  "nodes": {
    "nixpkgs": {
      "locked": {
        "lastModified": 1745279238,
        "narHash": "sha256-AQ7M9wTa/Pa/kK5pcGTgX/DGqMHyzsyINfN7ktsI7Fo=",
        "rev": "9684b53175fc6c09581e94cc85f05ab77464c7e3",
        "revCount": 717196,
        "type": "tarball",
        "url": "https://api.flakehub.com/f/pinned/NixOS/nixpkgs/0.2411.717196%2Brev-9684b53175fc6c09581e94cc85f05ab77464c7e3/019660c5-eae1-7a61-9902-4417eac98039/source.tar.gz"
      },
      "original": {
        "type": "tarball",
        "url": "https://flakehub.com/f/NixOS/nixpkgs/%2A.tar.gz"
      }
    },
    "nixpkgs_2": {
      "locked": {
        "lastModified": 1744536153,
        "narHash": "sha256-awS2zRgF4uTwrOKwwiJcByDzDOdo3Q1rPZbiHQg/N38=",
        "owner": "NixOS",
        "repo": "nixpkgs",
        "rev": "18dd725c29603f582cf1900e0d25f9f1063dbf11",
        "type": "github"
      },
      "original": {
        "owner": "NixOS",
        "ref": "nixpkgs-unstable",
        "repo": "nixpkgs",
        "type": "github"
      }
    },
    "root": {
      "inputs": {
        "nixpkgs": "nixpkgs",
        "rust-overlay": "rust-overlay"
      }
    },
    "rust-overlay": {
      "inputs": {
        "nixpkgs": "nixpkgs_2"
      },
      "locked": {
        "lastModified": 1745462120,
        "narHash": "sha256-TbVjPOl+Cg5vZ7TIn1KpQ8SOfHKD6OEgu84b6YSCfKE=",
        "rev": "79d3acd1a7e67fb9315fa5c5556eb6adf93dc2da",
        "revCount": 1764,
        "type": "tarball",
        "url": "https://api.flakehub.com/f/pinned/oxalica/rust-overlay/0.1.1764%2Brev-79d3acd1a7e67fb9315fa5c5556eb6adf93dc2da/019665a8-8391-7ba2-a658-c66378143c38/source.tar.gz"
      },
      "original": {
        "type": "tarball",
        "url": "https://flakehub.com/f/oxalica/rust-overlay/%2A.tar.gz"
      }
    }
  },
  "root": "root",
  "version": 7
}
